dependencies:
- name: minio
  repository: https://charts.min.io/
  version: 5.0.15
- name: grafana-agent-operator
  repository: https://grafana.github.io/helm-charts
  version: 0.2.3
digest: sha256:4fc14ade583f08cba6e9b6a1420e759c14620ea4eb6e1fb7bd2a5afc5c59fea4
generated: "2024-01-12T18:59:12.14110135Z"
