dependencies:
- name: minio
  repository: https://charts.min.io/
  version: 4.0.12
- name: grafana-agent-operator
  repository: https://grafana.github.io/helm-charts
  version: 0.3.18
digest: sha256:a20bc4517f57ae51fa26d29547500eb201e15fb964d8a90dce092bbcfa6fefdd
generated: "2024-03-05T23:11:41.768840512Z"
